
Microsoft Visual Studio Solution File, Format Version 12.00
# Visual Studio Version 17
VisualStudioVersion = 17.0.32014.148
MinimumVisualStudioVersion = 10.0.40219.1
Project("{9A19103F-16F7-4668-BE54-9A1E7A4F7556}") = "Business", "Business\Business.csproj", "{B75F8274-CAE7-4756-BF3F-A7FC2BD284CA}"
EndProject
Project("{9A19103F-16F7-4668-BE54-9A1E7A4F7556}") = "Entities", "Entities\Entities.csproj", "{41106629-A428-4F91-A8B6-FE72D80065B3}"
EndProject
Project("{9A19103F-16F7-4668-BE54-9A1E7A4F7556}") = "DataAccess", "DataAccess\DataAccess.csproj", "{32ABA83C-F48D-4995-8AC5-CF55D1B20DF6}"
EndProject
Project("{9A19103F-16F7-4668-BE54-9A1E7A4F7556}") = "ConsoleUI_Test", "ConsoleUI\ConsoleUI_Test.csproj", "{0FCFE7BD-3AF2-40EC-9CCB-6FB155964C42}"
EndProject
Project("{9A19103F-16F7-4668-BE54-9A1E7A4F7556}") = "FormUI", "FormUI\FormUI.csproj", "{AC867A5B-7C7F-4880-BB55-9A21F6503649}"
EndProject
Project("{9A19103F-16F7-4668-BE54-9A1E7A4F7556}") = "Core", "Core\Core.csproj", "{B9C4BA2E-DD0E-45B8-8F80-99CF1F3C44BF}"
EndProject
Project("{FAE04EC0-301F-11D3-BF4B-00C04F79EFBC}") = "DbFormUI", "DbFormUI\DbFormUI.csproj", "{8175863C-5FD6-4AD0-AE75-B4541337437E}"
EndProject
Global
	GlobalSection(SolutionConfigurationPlatforms) = preSolution
		Debug|Any CPU = Debug|Any CPU
		Release|Any CPU = Release|Any CPU
	EndGlobalSection
	GlobalSection(ProjectConfigurationPlatforms) = postSolution
		{B75F8274-CAE7-4756-BF3F-A7FC2BD284CA}.Debug|Any CPU.ActiveCfg = Debug|Any CPU
		{B75F8274-CAE7-4756-BF3F-A7FC2BD284CA}.Debug|Any CPU.Build.0 = Debug|Any CPU
		{B75F8274-CAE7-4756-BF3F-A7FC2BD284CA}.Release|Any CPU.ActiveCfg = Release|Any CPU
		{B75F8274-CAE7-4756-BF3F-A7FC2BD284CA}.Release|Any CPU.Build.0 = Release|Any CPU
		{41106629-A428-4F91-A8B6-FE72D80065B3}.Debug|Any CPU.ActiveCfg = Debug|Any CPU
		{41106629-A428-4F91-A8B6-FE72D80065B3}.Debug|Any CPU.Build.0 = Debug|Any CPU
		{41106629-A428-4F91-A8B6-FE72D80065B3}.Release|Any CPU.ActiveCfg = Release|Any CPU
		{41106629-A428-4F91-A8B6-FE72D80065B3}.Release|Any CPU.Build.0 = Release|Any CPU
		{32ABA83C-F48D-4995-8AC5-CF55D1B20DF6}.Debug|Any CPU.ActiveCfg = Debug|Any CPU
		{32ABA83C-F48D-4995-8AC5-CF55D1B20DF6}.Debug|Any CPU.Build.0 = Debug|Any CPU
		{32ABA83C-F48D-4995-8AC5-CF55D1B20DF6}.Release|Any CPU.ActiveCfg = Release|Any CPU
		{32ABA83C-F48D-4995-8AC5-CF55D1B20DF6}.Release|Any CPU.Build.0 = Release|Any CPU
		{0FCFE7BD-3AF2-40EC-9CCB-6FB155964C42}.Debug|Any CPU.ActiveCfg = Debug|Any CPU
		{0FCFE7BD-3AF2-40EC-9CCB-6FB155964C42}.Debug|Any CPU.Build.0 = Debug|Any CPU
		{0FCFE7BD-3AF2-40EC-9CCB-6FB155964C42}.Release|Any CPU.ActiveCfg = Release|Any CPU
		{0FCFE7BD-3AF2-40EC-9CCB-6FB155964C42}.Release|Any CPU.Build.0 = Release|Any CPU
		{AC867A5B-7C7F-4880-BB55-9A21F6503649}.Debug|Any CPU.ActiveCfg = Debug|Any CPU
		{AC867A5B-7C7F-4880-BB55-9A21F6503649}.Debug|Any CPU.Build.0 = Debug|Any CPU
		{AC867A5B-7C7F-4880-BB55-9A21F6503649}.Release|Any CPU.ActiveCfg = Release|Any CPU
		{AC867A5B-7C7F-4880-BB55-9A21F6503649}.Release|Any CPU.Build.0 = Release|Any CPU
		{B9C4BA2E-DD0E-45B8-8F80-99CF1F3C44BF}.Debug|Any CPU.ActiveCfg = Debug|Any CPU
		{B9C4BA2E-DD0E-45B8-8F80-99CF1F3C44BF}.Debug|Any CPU.Build.0 = Debug|Any CPU
		{B9C4BA2E-DD0E-45B8-8F80-99CF1F3C44BF}.Release|Any CPU.ActiveCfg = Release|Any CPU
		{B9C4BA2E-DD0E-45B8-8F80-99CF1F3C44BF}.Release|Any CPU.Build.0 = Release|Any CPU
		{8175863C-5FD6-4AD0-AE75-B4541337437E}.Debug|Any CPU.ActiveCfg = Debug|Any CPU
		{8175863C-5FD6-4AD0-AE75-B4541337437E}.Debug|Any CPU.Build.0 = Debug|Any CPU
		{8175863C-5FD6-4AD0-AE75-B4541337437E}.Release|Any CPU.ActiveCfg = Release|Any CPU
		{8175863C-5FD6-4AD0-AE75-B4541337437E}.Release|Any CPU.Build.0 = Release|Any CPU
	EndGlobalSection
	GlobalSection(SolutionProperties) = preSolution
		HideSolutionNode = FALSE
	EndGlobalSection
	GlobalSection(ExtensibilityGlobals) = postSolution
		SolutionGuid = {51DE5A42-3B6F-4045-9761-CB6989840130}
	EndGlobalSection
EndGlobal
